
Microsoft Visual Studio Solution File, Format Version 12.00
# Visual Studio Version 17
VisualStudioVersion = 17.3.32819.101
MinimumVisualStudioVersion = 10.0.40219.1
Project("{888888A0-9F3D-457C-B088-3A5042F75D52}") = "GuessTheNumber", "GuessTheNumber.pyproj", "{35245586-B645-4BB8-9B0D-CDC2F8CA34E6}"
EndProject
Global
	GlobalSection(SolutionConfigurationPlatforms) = preSolution
		Debug|Any CPU = Debug|Any CPU
		Release|Any CPU = Release|Any CPU
	EndGlobalSection
	GlobalSection(ProjectConfigurationPlatforms) = postSolution
		{35245586-B645-4BB8-9B0D-CDC2F8CA34E6}.Debug|Any CPU.ActiveCfg = Debug|Any CPU
		{35245586-B645-4BB8-9B0D-CDC2F8CA34E6}.Release|Any CPU.ActiveCfg = Release|Any CPU
	EndGlobalSection
	GlobalSection(SolutionProperties) = preSolution
		HideSolutionNode = FALSE
	EndGlobalSection
	GlobalSection(ExtensibilityGlobals) = postSolution
		SolutionGuid = {B0A41F50-CC54-42C8-9307-7A082DAE6E5A}
	EndGlobalSection
EndGlobal
